
Microsoft Visual Studio Solution File, Format Version 12.00
# Visual Studio 15
VisualStudioVersion = 15.0.27004.2005
MinimumVisualStudioVersion = 10.0.40219.1
Project("{FAE04EC0-301F-11D3-BF4B-00C04F79EFBC}") = "1. Hospital Database", "P01_HospitalDatabase\1. Hospital Database.csproj", "{E906A677-FAF5-47AE-AFA9-64F05F949F87}"
EndProject
Project("{FAE04EC0-301F-11D3-BF4B-00C04F79EFBC}") = "2. Sales Database", "P03_SalesDatabase\2. Sales Database.csproj", "{074864C0-09C8-4B7C-A798-7CAED7AAF6E8}"
EndProject
Global
	GlobalSection(SolutionConfigurationPlatforms) = preSolution
		Debug|Any CPU = Debug|Any CPU
		Release|Any CPU = Release|Any CPU
	EndGlobalSection
	GlobalSection(ProjectConfigurationPlatforms) = postSolution
		{E906A677-FAF5-47AE-AFA9-64F05F949F87}.Debug|Any CPU.ActiveCfg = Debug|Any CPU
		{E906A677-FAF5-47AE-AFA9-64F05F949F87}.Debug|Any CPU.Build.0 = Debug|Any CPU
		{E906A677-FAF5-47AE-AFA9-64F05F949F87}.Release|Any CPU.ActiveCfg = Release|Any CPU
		{E906A677-FAF5-47AE-AFA9-64F05F949F87}.Release|Any CPU.Build.0 = Release|Any CPU
		{074864C0-09C8-4B7C-A798-7CAED7AAF6E8}.Debug|Any CPU.ActiveCfg = Debug|Any CPU
		{074864C0-09C8-4B7C-A798-7CAED7AAF6E8}.Debug|Any CPU.Build.0 = Debug|Any CPU
		{074864C0-09C8-4B7C-A798-7CAED7AAF6E8}.Release|Any CPU.ActiveCfg = Release|Any CPU
		{074864C0-09C8-4B7C-A798-7CAED7AAF6E8}.Release|Any CPU.Build.0 = Release|Any CPU
	EndGlobalSection
	GlobalSection(SolutionProperties) = preSolution
		HideSolutionNode = FALSE
	EndGlobalSection
	GlobalSection(ExtensibilityGlobals) = postSolution
		SolutionGuid = {A1C8DB8F-F9CB-46F9-8192-C521245864BA}
	EndGlobalSection
EndGlobal
