
Microsoft Visual Studio Solution File, Format Version 12.00
# Visual Studio 15
VisualStudioVersion = 15.0.27004.2005
MinimumVisualStudioVersion = 10.0.40219.1
Project("{9A19103F-16F7-4668-BE54-9A1E7A4F7556}") = "P01_StudentSystem", "P01_StudentSystem\P01_StudentSystem.csproj", "{4FB28A6A-D5EE-49E2-88C4-171D0A5C4F29}"
EndProject
Project("{FAE04EC0-301F-11D3-BF4B-00C04F79EFBC}") = "P03_FootballBetting", "P03_FootballBetting\P03_FootballBetting.csproj", "{0155E463-817E-4DD9-933D-C9A1DA8B9DBB}"
EndProject
Project("{FAE04EC0-301F-11D3-BF4B-00C04F79EFBC}") = "P03_FootballBetting.Data", "P03_FootballBetting.Data\P03_FootballBetting.Data.csproj", "{32391184-438F-4973-9FD1-FCCD43EF2012}"
EndProject
Project("{FAE04EC0-301F-11D3-BF4B-00C04F79EFBC}") = "P03_FootballBetting.Data.Models", "P03_FootballBetting.Data.Models\P03_FootballBetting.Data.Models.csproj", "{CCEC3555-A60C-473F-BA70-C6E5291AD1AB}"
EndProject
Global
	GlobalSection(SolutionConfigurationPlatforms) = preSolution
		Debug|Any CPU = Debug|Any CPU
		Release|Any CPU = Release|Any CPU
	EndGlobalSection
	GlobalSection(ProjectConfigurationPlatforms) = postSolution
		{4FB28A6A-D5EE-49E2-88C4-171D0A5C4F29}.Debug|Any CPU.ActiveCfg = Debug|Any CPU
		{4FB28A6A-D5EE-49E2-88C4-171D0A5C4F29}.Debug|Any CPU.Build.0 = Debug|Any CPU
		{4FB28A6A-D5EE-49E2-88C4-171D0A5C4F29}.Release|Any CPU.ActiveCfg = Release|Any CPU
		{4FB28A6A-D5EE-49E2-88C4-171D0A5C4F29}.Release|Any CPU.Build.0 = Release|Any CPU
		{0155E463-817E-4DD9-933D-C9A1DA8B9DBB}.Debug|Any CPU.ActiveCfg = Debug|Any CPU
		{0155E463-817E-4DD9-933D-C9A1DA8B9DBB}.Debug|Any CPU.Build.0 = Debug|Any CPU
		{0155E463-817E-4DD9-933D-C9A1DA8B9DBB}.Release|Any CPU.ActiveCfg = Release|Any CPU
		{0155E463-817E-4DD9-933D-C9A1DA8B9DBB}.Release|Any CPU.Build.0 = Release|Any CPU
		{32391184-438F-4973-9FD1-FCCD43EF2012}.Debug|Any CPU.ActiveCfg = Debug|Any CPU
		{32391184-438F-4973-9FD1-FCCD43EF2012}.Debug|Any CPU.Build.0 = Debug|Any CPU
		{32391184-438F-4973-9FD1-FCCD43EF2012}.Release|Any CPU.ActiveCfg = Release|Any CPU
		{32391184-438F-4973-9FD1-FCCD43EF2012}.Release|Any CPU.Build.0 = Release|Any CPU
		{CCEC3555-A60C-473F-BA70-C6E5291AD1AB}.Debug|Any CPU.ActiveCfg = Debug|Any CPU
		{CCEC3555-A60C-473F-BA70-C6E5291AD1AB}.Debug|Any CPU.Build.0 = Debug|Any CPU
		{CCEC3555-A60C-473F-BA70-C6E5291AD1AB}.Release|Any CPU.ActiveCfg = Release|Any CPU
		{CCEC3555-A60C-473F-BA70-C6E5291AD1AB}.Release|Any CPU.Build.0 = Release|Any CPU
	EndGlobalSection
	GlobalSection(SolutionProperties) = preSolution
		HideSolutionNode = FALSE
	EndGlobalSection
	GlobalSection(ExtensibilityGlobals) = postSolution
		SolutionGuid = {0ED7E9E7-E947-4B26-9FD5-29815A4A6F4F}
	EndGlobalSection
EndGlobal
